
Microsoft Visual Studio Solution File, Format Version 12.00
# Visual Studio Version 17
VisualStudioVersion = 17.5.002.0
MinimumVisualStudioVersion = 10.0.40219.1
Project("{9A19103F-16F7-4668-BE54-9A1E7A4F7556}") = "MongoDBExample", "MongoDBExample.csproj", "{3F2270A2-8199-4B22-847E-E224637A87AE}"
EndProject
Global
	GlobalSection(SolutionConfigurationPlatforms) = preSolution
		Debug|Any CPU = Debug|Any CPU
		Release|Any CPU = Release|Any CPU
	EndGlobalSection
	GlobalSection(ProjectConfigurationPlatforms) = postSolution
		{3F2270A2-8199-4B22-847E-E224637A87AE}.Debug|Any CPU.ActiveCfg = Debug|Any CPU
		{3F2270A2-8199-4B22-847E-E224637A87AE}.Debug|Any CPU.Build.0 = Debug|Any CPU
		{3F2270A2-8199-4B22-847E-E224637A87AE}.Release|Any CPU.ActiveCfg = Release|Any CPU
		{3F2270A2-8199-4B22-847E-E224637A87AE}.Release|Any CPU.Build.0 = Release|Any CPU
	EndGlobalSection
	GlobalSection(SolutionProperties) = preSolution
		HideSolutionNode = FALSE
	EndGlobalSection
	GlobalSection(ExtensibilityGlobals) = postSolution
		SolutionGuid = {0993D530-90A4-434F-8CDF-62301D75675B}
	EndGlobalSection
EndGlobal
